<?xml version="1.0" encoding="utf-8"?>
<Project ToolsVersion="4.0" xmlns="http://schemas.microsoft.com/developer/msbuild/2003">
  <ItemGroup>
    <ClCompile Include="Animation.cpp">
      <Filter>Source Files</Filter>
    </ClCompile>
    <ClCompile Include="Color.cpp">
      <Filter>Source Files</Filter>
    </ClCompile>
    <ClCompile Include="Font.cpp">
      <Filter>Source Files</Filter>
    </ClCompile>
    <ClCompile Include="functions.cpp">
      <Filter>Source Files</Filter>
    </ClCompile>
    <ClCompile Include="Game.cpp">
      <Filter>Source Files</Filter>
    </ClCompile>
    <ClCompile Include="GraphicsBuffer.cpp">
      <Filter>Source Files</Filter>
    </ClCompile>
    <ClCompile Include="GraphicsBufferManager.cpp">
      <Filter>Source Files</Filter>
    </ClCompile>
    <ClCompile Include="GraphicsSystem.cpp">
      <Filter>Source Files</Filter>
    </ClCompile>
    <ClCompile Include="InputSystem.cpp">
      <Filter>Source Files</Filter>
    </ClCompile>
    <ClCompile Include="InputTranslator.cpp">
      <Filter>Source Files</Filter>
    </ClCompile>
    <ClCompile Include="main.cpp">
      <Filter>Source Files</Filter>
    </ClCompile>
    <ClCompile Include="Sprite.cpp">
      <Filter>Source Files</Filter>
    </ClCompile>
    <ClCompile Include="Unit.cpp">
      <Filter>Source Files</Filter>
    </ClCompile>
    <ClCompile Include="UnitManager.cpp">
      <Filter>Source Files</Filter>
    </ClCompile>
    <ClCompile Include="FreezeEvent.cpp">
      <Filter>Source Files\Events</Filter>
    </ClCompile>
    <ClCompile Include="AddUnitEvent.cpp">
      <Filter>Source Files\Events</Filter>
    </ClCompile>
    <ClCompile Include="DeleteUnitEvent.cpp">
      <Filter>Source Files\Events</Filter>
    </ClCompile>
    <ClCompile Include="QuitGameEvent.cpp">
      <Filter>Source Files\Events</Filter>
    </ClCompile>
    <ClCompile Include="GameEvent.cpp">
      <Filter>Source Files\Events</Filter>
    </ClCompile>
    <ClCompile Include="InterfaceEvent.cpp">
      <Filter>Source Files\Events</Filter>
    </ClCompile>
    <ClCompile Include="ChangeSpriteEvent.cpp">
      <Filter>Source Files\Events</Filter>
    </ClCompile>
    <ClCompile Include="SlowDownEvent.cpp">
      <Filter>Source Files\Events</Filter>
    </ClCompile>
    <ClCompile Include="SpeedUpEvent.cpp">
      <Filter>Source Files\Events</Filter>
    </ClCompile>
    <ClCompile Include="SoundManager.cpp">
      <Filter>Source Files</Filter>
    </ClCompile>
    <ClCompile Include="HUD.cpp">
      <Filter>Source Files</Filter>
    </ClCompile>
  </ItemGroup>
  <ItemGroup>
    <ClInclude Include="Animation.h">
      <Filter>Header Files</Filter>
    </ClInclude>
    <ClInclude Include="Color.h">
      <Filter>Header Files</Filter>
    </ClInclude>
    <ClInclude Include="Font.h">
      <Filter>Header Files</Filter>
    </ClInclude>
    <ClInclude Include="functions.h">
      <Filter>Header Files</Filter>
    </ClInclude>
    <ClInclude Include="Game.h">
      <Filter>Header Files</Filter>
    </ClInclude>
    <ClInclude Include="GraphicsBuffer.h">
      <Filter>Header Files</Filter>
    </ClInclude>
    <ClInclude Include="GraphicsBufferManager.h">
      <Filter>Header Files</Filter>
    </ClInclude>
    <ClInclude Include="GraphicsSystem.h">
      <Filter>Header Files</Filter>
    </ClInclude>
    <ClInclude Include="InputSystem.h">
      <Filter>Header Files</Filter>
    </ClInclude>
    <ClInclude Include="InputTranslator.h">
      <Filter>Header Files</Filter>
    </ClInclude>
    <ClInclude Include="Sprite.h">
      <Filter>Header Files</Filter>
    </ClInclude>
    <ClInclude Include="Unit.h">
      <Filter>Header Files</Filter>
    </ClInclude>
    <ClInclude Include="UnitManager.h">
      <Filter>Header Files</Filter>
    </ClInclude>
    <ClInclude Include="FreezeEvent.h">
      <Filter>Header Files\Events</Filter>
    </ClInclude>
    <ClInclude Include="AddUnitEvent.h">
      <Filter>Header Files\Events</Filter>
    </ClInclude>
    <ClInclude Include="DeleteUnitEvent.h">
      <Filter>Header Files\Events</Filter>
    </ClInclude>
    <ClInclude Include="QuitGameEvent.h">
      <Filter>Header Files\Events</Filter>
    </ClInclude>
    <ClInclude Include="GameEvent.h">
      <Filter>Header Files\Events</Filter>
    </ClInclude>
    <ClInclude Include="InterfaceEvent.h">
      <Filter>Header Files\Events</Filter>
    </ClInclude>
    <ClInclude Include="ChangeSpriteEvent.h">
      <Filter>Header Files\Events</Filter>
    </ClInclude>
    <ClInclude Include="SlowDownEvent.h">
      <Filter>Header Files\Events</Filter>
    </ClInclude>
    <ClInclude Include="SpeedUpEvent.h">
      <Filter>Header Files\Events</Filter>
    </ClInclude>
    <ClInclude Include="SoundManager.h">
      <Filter>Header Files</Filter>
    </ClInclude>
    <ClInclude Include="HUD.h">
      <Filter>Header Files</Filter>
    </ClInclude>
  </ItemGroup>
  <ItemGroup>
    <Filter Include="Header Files">
      <UniqueIdentifier>{15c704a7-3cb3-472d-bb17-8ecf59434ed3}</UniqueIdentifier>
    </Filter>
    <Filter Include="Source Files">
      <UniqueIdentifier>{fbdd0d02-1fed-4d08-b39e-c486b4affc07}</UniqueIdentifier>
    </Filter>
    <Filter Include="Header Files\Events">
      <UniqueIdentifier>{e0eda0a8-7101-47e5-9785-beb06e8da6e0}</UniqueIdentifier>
    </Filter>
    <Filter Include="Source Files\Events">
      <UniqueIdentifier>{5007ccb3-a694-41d7-9b3e-e0145d26b652}</UniqueIdentifier>
    </Filter>
  </ItemGroup>
  <ItemGroup>
    <Text Include="data.txt" />
  </ItemGroup>
</Project>